
Microsoft Visual Studio Solution File, Format Version 12.00
# Visual Studio Version 17
VisualStudioVersion = 17.7.34221.43
MinimumVisualStudioVersion = 10.0.40219.1
Project("{9A19103F-16F7-4668-BE54-9A1E7A4F7556}") = "CargoTrackApi.Api", "CargoTrackApi\CargoTrackApi.Api.csproj", "{0039A0B4-D041-4BDA-ADA2-4B3537773E95}"
EndProject
Project("{9A19103F-16F7-4668-BE54-9A1E7A4F7556}") = "CargoTrackApi.Application", "CargoTrackApi.Aplication\CargoTrackApi.Application.csproj", "{B1F9BF3D-9B75-4CD2-8B12-F882DD87275D}"
EndProject
Project("{9A19103F-16F7-4668-BE54-9A1E7A4F7556}") = "CargoTrackApi.Domain", "CargoTrackApi.Domain\CargoTrackApi.Domain.csproj", "{34FFD5FE-2435-443D-A011-5257193938EC}"
EndProject
Project("{9A19103F-16F7-4668-BE54-9A1E7A4F7556}") = "CargoTrackApi.Infrastructure", "CargoTrackApi.Infrastructure\CargoTrackApi.Infrastructure.csproj", "{2B61F00F-5DF4-4563-A1F0-968F7BAA59D6}"
EndProject
Project("{9A19103F-16F7-4668-BE54-9A1E7A4F7556}") = "CargoTrackApi.Persistance", "CargoTrackApi.Persistance\CargoTrackApi.Persistance.csproj", "{994718A9-CF91-4431-B93E-40EE5855893B}"
EndProject
Global
	GlobalSection(SolutionConfigurationPlatforms) = preSolution
		Debug|Any CPU = Debug|Any CPU
		Release|Any CPU = Release|Any CPU
	EndGlobalSection
	GlobalSection(ProjectConfigurationPlatforms) = postSolution
		{0039A0B4-D041-4BDA-ADA2-4B3537773E95}.Debug|Any CPU.ActiveCfg = Debug|Any CPU
		{0039A0B4-D041-4BDA-ADA2-4B3537773E95}.Debug|Any CPU.Build.0 = Debug|Any CPU
		{0039A0B4-D041-4BDA-ADA2-4B3537773E95}.Release|Any CPU.ActiveCfg = Release|Any CPU
		{0039A0B4-D041-4BDA-ADA2-4B3537773E95}.Release|Any CPU.Build.0 = Release|Any CPU
		{B1F9BF3D-9B75-4CD2-8B12-F882DD87275D}.Debug|Any CPU.ActiveCfg = Debug|Any CPU
		{B1F9BF3D-9B75-4CD2-8B12-F882DD87275D}.Debug|Any CPU.Build.0 = Debug|Any CPU
		{B1F9BF3D-9B75-4CD2-8B12-F882DD87275D}.Release|Any CPU.ActiveCfg = Release|Any CPU
		{B1F9BF3D-9B75-4CD2-8B12-F882DD87275D}.Release|Any CPU.Build.0 = Release|Any CPU
		{34FFD5FE-2435-443D-A011-5257193938EC}.Debug|Any CPU.ActiveCfg = Debug|Any CPU
		{34FFD5FE-2435-443D-A011-5257193938EC}.Debug|Any CPU.Build.0 = Debug|Any CPU
		{34FFD5FE-2435-443D-A011-5257193938EC}.Release|Any CPU.ActiveCfg = Release|Any CPU
		{34FFD5FE-2435-443D-A011-5257193938EC}.Release|Any CPU.Build.0 = Release|Any CPU
		{2B61F00F-5DF4-4563-A1F0-968F7BAA59D6}.Debug|Any CPU.ActiveCfg = Debug|Any CPU
		{2B61F00F-5DF4-4563-A1F0-968F7BAA59D6}.Debug|Any CPU.Build.0 = Debug|Any CPU
		{2B61F00F-5DF4-4563-A1F0-968F7BAA59D6}.Release|Any CPU.ActiveCfg = Release|Any CPU
		{2B61F00F-5DF4-4563-A1F0-968F7BAA59D6}.Release|Any CPU.Build.0 = Release|Any CPU
		{994718A9-CF91-4431-B93E-40EE5855893B}.Debug|Any CPU.ActiveCfg = Debug|Any CPU
		{994718A9-CF91-4431-B93E-40EE5855893B}.Debug|Any CPU.Build.0 = Debug|Any CPU
		{994718A9-CF91-4431-B93E-40EE5855893B}.Release|Any CPU.ActiveCfg = Release|Any CPU
		{994718A9-CF91-4431-B93E-40EE5855893B}.Release|Any CPU.Build.0 = Release|Any CPU
	EndGlobalSection
	GlobalSection(SolutionProperties) = preSolution
		HideSolutionNode = FALSE
	EndGlobalSection
	GlobalSection(ExtensibilityGlobals) = postSolution
		SolutionGuid = {37DE4155-6AC5-4149-A1EF-B990A6F07533}
	EndGlobalSection
EndGlobal
